
Microsoft Visual Studio Solution File, Format Version 12.00
Project("{FAE04EC0-301F-11D3-BF4B-00C04F79EFBC}") = "LibraryManagement", "LibraryManagement\LibraryManagement.csproj", "{4DD24669-DDE0-4101-9C82-19EC5B93ECA5}"
EndProject
Global
	GlobalSection(SolutionConfigurationPlatforms) = preSolution
		Debug|Any CPU = Debug|Any CPU
		Release|Any CPU = Release|Any CPU
	EndGlobalSection
	GlobalSection(ProjectConfigurationPlatforms) = postSolution
		{4DD24669-DDE0-4101-9C82-19EC5B93ECA5}.Debug|Any CPU.ActiveCfg = Debug|Any CPU
		{4DD24669-DDE0-4101-9C82-19EC5B93ECA5}.Debug|Any CPU.Build.0 = Debug|Any CPU
		{4DD24669-DDE0-4101-9C82-19EC5B93ECA5}.Release|Any CPU.ActiveCfg = Release|Any CPU
		{4DD24669-DDE0-4101-9C82-19EC5B93ECA5}.Release|Any CPU.Build.0 = Release|Any CPU
	EndGlobalSection
EndGlobal
